
Microsoft Visual Studio Solution File, Format Version 12.00
# Visual Studio Version 16
VisualStudioVersion = 16.0.30406.217
MinimumVisualStudioVersion = 10.0.40219.1
Project("{9A19103F-16F7-4668-BE54-9A1E7A4F7556}") = "LearnSOLID", "LearnSOLID\LearnSOLID.csproj", "{22255E2A-782B-4BE1-A00F-B313939255A5}"
EndProject
Project("{FAE04EC0-301F-11D3-BF4B-00C04F79EFBC}") = "CarWebApplication", "CarWebApplication\CarWebApplication.csproj", "{B21754C9-38C7-4481-96F1-C83B0E64C125}"
EndProject
Global
	GlobalSection(SolutionConfigurationPlatforms) = preSolution
		Debug|Any CPU = Debug|Any CPU
		Release|Any CPU = Release|Any CPU
	EndGlobalSection
	GlobalSection(ProjectConfigurationPlatforms) = postSolution
		{22255E2A-782B-4BE1-A00F-B313939255A5}.Debug|Any CPU.ActiveCfg = Debug|Any CPU
		{22255E2A-782B-4BE1-A00F-B313939255A5}.Debug|Any CPU.Build.0 = Debug|Any CPU
		{22255E2A-782B-4BE1-A00F-B313939255A5}.Release|Any CPU.ActiveCfg = Release|Any CPU
		{22255E2A-782B-4BE1-A00F-B313939255A5}.Release|Any CPU.Build.0 = Release|Any CPU
		{B21754C9-38C7-4481-96F1-C83B0E64C125}.Debug|Any CPU.ActiveCfg = Debug|Any CPU
		{B21754C9-38C7-4481-96F1-C83B0E64C125}.Debug|Any CPU.Build.0 = Debug|Any CPU
		{B21754C9-38C7-4481-96F1-C83B0E64C125}.Release|Any CPU.ActiveCfg = Release|Any CPU
		{B21754C9-38C7-4481-96F1-C83B0E64C125}.Release|Any CPU.Build.0 = Release|Any CPU
	EndGlobalSection
	GlobalSection(SolutionProperties) = preSolution
		HideSolutionNode = FALSE
	EndGlobalSection
	GlobalSection(ExtensibilityGlobals) = postSolution
		SolutionGuid = {62700805-B795-43D3-8390-20414BE24B09}
	EndGlobalSection
EndGlobal
